
Microsoft Visual Studio Solution File, Format Version 12.00
# Visual Studio 15
Project("{FAE04EC0-301F-11D3-BF4B-00C04F79EFBC}") = "UnityEngine.TestRunner", "UnityEngine.TestRunner.csproj", "{B02FB6BF-B6C1-E369-568D-92FD93B49810}"
EndProject
Project("{FAE04EC0-301F-11D3-BF4B-00C04F79EFBC}") = "UnityEngine.UI", "UnityEngine.UI.csproj", "{43252A23-CED9-9F16-1815-BE042E92100E}"
EndProject
Project("{FAE04EC0-301F-11D3-BF4B-00C04F79EFBC}") = "Unity.Mathematics", "Unity.Mathematics.csproj", "{F2ACCCF9-90ED-70E7-307D-CA2CB5C29E7C}"
EndProject
Project("{FAE04EC0-301F-11D3-BF4B-00C04F79EFBC}") = "Unity.VisualScripting.State", "Unity.VisualScripting.State.csproj", "{74AE798C-CF68-B355-07F8-E4E23777055D}"
EndProject
Project("{FAE04EC0-301F-11D3-BF4B-00C04F79EFBC}") = "Unity.VisualScripting.Core", "Unity.VisualScripting.Core.csproj", "{57B404CC-07C5-057E-1101-D9CBD47BB52F}"
EndProject
Project("{FAE04EC0-301F-11D3-BF4B-00C04F79EFBC}") = "Unity.VisualScripting.Flow", "Unity.VisualScripting.Flow.csproj", "{6C1B82F6-DC5A-5888-BD06-754C457BAC73}"
EndProject
Project("{FAE04EC0-301F-11D3-BF4B-00C04F79EFBC}") = "Unity.2D.Animation.Runtime", "Unity.2D.Animation.Runtime.csproj", "{E9D5ECBB-86FE-8AF6-B7BE-3AAA18F2FE4E}"
EndProject
Project("{FAE04EC0-301F-11D3-BF4B-00C04F79EFBC}") = "Unity.TextMeshPro", "Unity.TextMeshPro.csproj", "{EB8C28CD-B47E-2E36-F31B-48914110CD8F}"
EndProject
Project("{FAE04EC0-301F-11D3-BF4B-00C04F79EFBC}") = "Unity.Timeline", "Unity.Timeline.csproj", "{39D0DE6B-8DED-13B4-2550-ACF983BFCD5A}"
EndProject
Project("{FAE04EC0-301F-11D3-BF4B-00C04F79EFBC}") = "Unity.Notifications.Android", "Unity.Notifications.Android.csproj", "{0C4BF4BE-E5B0-200A-9092-B0FD1EFC4A1F}"
EndProject
Project("{FAE04EC0-301F-11D3-BF4B-00C04F79EFBC}") = "Unity.2D.SpriteShape.Runtime", "Unity.2D.SpriteShape.Runtime.csproj", "{FEDB7D8D-54E1-9143-DC3F-A69531E8C883}"
EndProject
Project("{FAE04EC0-301F-11D3-BF4B-00C04F79EFBC}") = "Unity.2D.Animation.Triangle.Runtime", "Unity.2D.Animation.Triangle.Runtime.csproj", "{D023B11B-8C24-97CA-9D67-0D3A458DA271}"
EndProject
Project("{FAE04EC0-301F-11D3-BF4B-00C04F79EFBC}") = "Unity.Notifications.iOS", "Unity.Notifications.iOS.csproj", "{FE5C0DB1-52D7-0A62-D763-D3170FDC8706}"
EndProject
Project("{FAE04EC0-301F-11D3-BF4B-00C04F79EFBC}") = "Unity.2D.PixelPerfect", "Unity.2D.PixelPerfect.csproj", "{B51CFE7E-5331-813F-5D07-76D82079F362}"
EndProject
Project("{FAE04EC0-301F-11D3-BF4B-00C04F79EFBC}") = "Unity.2D.IK.Runtime", "Unity.2D.IK.Runtime.csproj", "{3BDBB03E-0DFE-B40B-E01E-EE5D9198470C}"
EndProject
Project("{FAE04EC0-301F-11D3-BF4B-00C04F79EFBC}") = "Unity.2D.Common.Runtime", "Unity.2D.Common.Runtime.csproj", "{AFDA34D9-A7C7-A90D-90D0-9065B248280E}"
EndProject
Project("{FAE04EC0-301F-11D3-BF4B-00C04F79EFBC}") = "Unity.InternalAPIEngineBridge.001", "Unity.InternalAPIEngineBridge.001.csproj", "{EC6FF9DB-C06E-2914-0E30-5011279D9AD7}"
EndProject
Project("{FAE04EC0-301F-11D3-BF4B-00C04F79EFBC}") = "Assembly-CSharp", "Assembly-CSharp.csproj", "{859335BC-8BF2-9B1B-7556-8FDDCB6CEBB9}"
EndProject
Project("{FAE04EC0-301F-11D3-BF4B-00C04F79EFBC}") = "spine-unity", "spine-unity.csproj", "{AF2F3218-B162-CF66-204B-4BE04829D9F5}"
EndProject
Project("{FAE04EC0-301F-11D3-BF4B-00C04F79EFBC}") = "Unity.VisualScripting.Core.Editor", "Unity.VisualScripting.Core.Editor.csproj", "{4C90D8C1-2BD7-9502-96B0-710F11D1B310}"
EndProject
Project("{FAE04EC0-301F-11D3-BF4B-00C04F79EFBC}") = "Unity.VisualStudio.Editor", "Unity.VisualStudio.Editor.csproj", "{C9322AB6-3E89-FD4E-4A12-C1875897B8F8}"
EndProject
Project("{FAE04EC0-301F-11D3-BF4B-00C04F79EFBC}") = "Unity.Timeline.Editor", "Unity.Timeline.Editor.csproj", "{76669604-0F25-9D79-5DE8-1318FEE2D1F2}"
EndProject
Project("{FAE04EC0-301F-11D3-BF4B-00C04F79EFBC}") = "Unity.VisualScripting.State.Editor", "Unity.VisualScripting.State.Editor.csproj", "{02F2CA5C-543F-F4C5-EFAD-9A255ADCD0C2}"
EndProject
Project("{FAE04EC0-301F-11D3-BF4B-00C04F79EFBC}") = "Unity.TextMeshPro.Editor", "Unity.TextMeshPro.Editor.csproj", "{83795C01-2F6A-8F9B-8E3C-2BDBF2E0D668}"
EndProject
Project("{FAE04EC0-301F-11D3-BF4B-00C04F79EFBC}") = "Unity.2D.Animation.Editor", "Unity.2D.Animation.Editor.csproj", "{269C1255-286E-3D89-98CC-C59B455FE0E6}"
EndProject
Project("{FAE04EC0-301F-11D3-BF4B-00C04F79EFBC}") = "VSSettingsProvider", "VSSettingsProvider.csproj", "{3E03E3AF-8CBC-A80A-6904-9AC04FEE4564}"
EndProject
Project("{FAE04EC0-301F-11D3-BF4B-00C04F79EFBC}") = "Unity.CollabProxy.Editor", "Unity.CollabProxy.Editor.csproj", "{10B87650-AD20-9876-46B9-68F8F10D6F3F}"
EndProject
Project("{FAE04EC0-301F-11D3-BF4B-00C04F79EFBC}") = "UnityEditor.TestRunner", "UnityEditor.TestRunner.csproj", "{650F8118-574E-AF33-0D67-2E37C3070586}"
EndProject
Project("{FAE04EC0-301F-11D3-BF4B-00C04F79EFBC}") = "Unity.VisualScripting.Flow.Editor", "Unity.VisualScripting.Flow.Editor.csproj", "{C7BDB580-D92C-307F-A29E-AD4C16F8B835}"
EndProject
Project("{FAE04EC0-301F-11D3-BF4B-00C04F79EFBC}") = "Unity.Mobile.AndroidLogcat.Editor", "Unity.Mobile.AndroidLogcat.Editor.csproj", "{690D73F5-E319-E5D1-B31E-E5E51293E37C}"
EndProject
Project("{FAE04EC0-301F-11D3-BF4B-00C04F79EFBC}") = "Unity.Rider.Editor", "Unity.Rider.Editor.csproj", "{BC194F37-4F04-7DFC-521C-71611638375D}"
EndProject
Project("{FAE04EC0-301F-11D3-BF4B-00C04F79EFBC}") = "Unity.2D.Path.Editor", "Unity.2D.Path.Editor.csproj", "{79249A2B-704E-4436-55B4-2F89CF6A6C2B}"
EndProject
Project("{FAE04EC0-301F-11D3-BF4B-00C04F79EFBC}") = "PsdPlugin", "PsdPlugin.csproj", "{34E7C31A-EA69-EC45-BF91-AD4E64CA0636}"
EndProject
Project("{FAE04EC0-301F-11D3-BF4B-00C04F79EFBC}") = "Unity.2D.IK.Editor", "Unity.2D.IK.Editor.csproj", "{8D6FAFA3-884F-1E4A-6935-8956B41AAB54}"
EndProject
Project("{FAE04EC0-301F-11D3-BF4B-00C04F79EFBC}") = "Unity.2D.Psdimporter.Editor", "Unity.2D.Psdimporter.Editor.csproj", "{D33EA1B9-BED6-7260-A06D-F74FBDFE8BF4}"
EndProject
Project("{FAE04EC0-301F-11D3-BF4B-00C04F79EFBC}") = "Unity.2D.SpriteShape.Editor", "Unity.2D.SpriteShape.Editor.csproj", "{A7C0B543-7CC2-26F5-48BC-AAF53D1DB9E5}"
EndProject
Project("{FAE04EC0-301F-11D3-BF4B-00C04F79EFBC}") = "Unity.2D.Tilemap.Editor", "Unity.2D.Tilemap.Editor.csproj", "{E53D76DF-242B-2E22-3F77-0E41834C004F}"
EndProject
Project("{FAE04EC0-301F-11D3-BF4B-00C04F79EFBC}") = "Unity.2D.PixelPerfect.Editor", "Unity.2D.PixelPerfect.Editor.csproj", "{2CC64E3F-F871-616E-CEAA-CE10F0A88348}"
EndProject
Project("{FAE04EC0-301F-11D3-BF4B-00C04F79EFBC}") = "Unity.VSCode.Editor", "Unity.VSCode.Editor.csproj", "{B16F9B93-F104-7F54-7A3A-864FE1060AAF}"
EndProject
Project("{FAE04EC0-301F-11D3-BF4B-00C04F79EFBC}") = "Unity.Notifications", "Unity.Notifications.csproj", "{5E589B19-5F18-107F-FD1A-0C039065C564}"
EndProject
Project("{FAE04EC0-301F-11D3-BF4B-00C04F79EFBC}") = "Unity.2D.Sprite.Editor", "Unity.2D.Sprite.Editor.csproj", "{75C85798-97D1-8CE5-B6C9-60EF2BC313E8}"
EndProject
Project("{FAE04EC0-301F-11D3-BF4B-00C04F79EFBC}") = "UnityEditor.UI", "UnityEditor.UI.csproj", "{95A89562-2118-7D45-65FF-7E2298F0D507}"
EndProject
Project("{FAE04EC0-301F-11D3-BF4B-00C04F79EFBC}") = "Unity.Mathematics.Editor", "Unity.Mathematics.Editor.csproj", "{DB3F6D19-04EA-A0ED-9112-3022486C1A53}"
EndProject
Project("{FAE04EC0-301F-11D3-BF4B-00C04F79EFBC}") = "Unity.2D.Common.Editor", "Unity.2D.Common.Editor.csproj", "{E3014DB4-38D6-0910-34BC-CFE4E5B0FEC4}"
EndProject
Project("{FAE04EC0-301F-11D3-BF4B-00C04F79EFBC}") = "Unity.InternalAPIEditorBridge.001", "Unity.InternalAPIEditorBridge.001.csproj", "{55017C04-BA5B-2A99-4D56-CC19BF3C9496}"
EndProject
Project("{FAE04EC0-301F-11D3-BF4B-00C04F79EFBC}") = "spine-unity-editor", "spine-unity-editor.csproj", "{9DBEA38A-2803-5388-226A-B9455D55C7B2}"
EndProject
Project("{FAE04EC0-301F-11D3-BF4B-00C04F79EFBC}") = "Assembly-CSharp-Editor", "Assembly-CSharp-Editor.csproj", "{C9004295-9939-12C3-A057-7B89745DA7C5}"
EndProject
Project("{FAE04EC0-301F-11D3-BF4B-00C04F79EFBC}") = "UnityEngine.TestRunner", "UnityEngine.TestRunner.Player.csproj", "{2D0BC54C-6F7B-4829-3A24-59E75AE531B7}"
EndProject
Project("{FAE04EC0-301F-11D3-BF4B-00C04F79EFBC}") = "UnityEngine.UI", "UnityEngine.UI.Player.csproj", "{4EEB9796-AEEA-5C70-98FB-5C854E999EB9}"
EndProject
Project("{FAE04EC0-301F-11D3-BF4B-00C04F79EFBC}") = "Unity.Mathematics", "Unity.Mathematics.Player.csproj", "{027C2996-F07B-4156-081C-1004E4F7D62F}"
EndProject
Project("{FAE04EC0-301F-11D3-BF4B-00C04F79EFBC}") = "Unity.VisualScripting.State", "Unity.VisualScripting.State.Player.csproj", "{4A9FD709-9605-07B3-B90D-414166B9C434}"
EndProject
Project("{FAE04EC0-301F-11D3-BF4B-00C04F79EFBC}") = "Unity.VisualScripting.Core", "Unity.VisualScripting.Core.Player.csproj", "{95564B9A-2A24-1651-A3D6-0B93BEABB616}"
EndProject
Project("{FAE04EC0-301F-11D3-BF4B-00C04F79EFBC}") = "Unity.VisualScripting.Flow", "Unity.VisualScripting.Flow.Player.csproj", "{FF75E52A-1C0A-D222-2680-1A9D5B7CB0A0}"
EndProject
Project("{FAE04EC0-301F-11D3-BF4B-00C04F79EFBC}") = "Unity.2D.Animation.Runtime", "Unity.2D.Animation.Runtime.Player.csproj", "{DAFCE210-D23F-4B6B-69E2-7E22A245238A}"
EndProject
Project("{FAE04EC0-301F-11D3-BF4B-00C04F79EFBC}") = "Unity.TextMeshPro", "Unity.TextMeshPro.Player.csproj", "{DA638AE1-6F00-7386-1ED3-8C37A9A2D817}"
EndProject
Project("{FAE04EC0-301F-11D3-BF4B-00C04F79EFBC}") = "Unity.Timeline", "Unity.Timeline.Player.csproj", "{7145B405-E585-2E1D-6B92-2C8EE8705014}"
EndProject
Project("{FAE04EC0-301F-11D3-BF4B-00C04F79EFBC}") = "Unity.2D.SpriteShape.Runtime", "Unity.2D.SpriteShape.Runtime.Player.csproj", "{C3AE93A6-0EC8-0BEE-3F73-72115BFFEEC3}"
EndProject
Project("{FAE04EC0-301F-11D3-BF4B-00C04F79EFBC}") = "Unity.2D.Animation.Triangle.Runtime", "Unity.2D.Animation.Triangle.Runtime.Player.csproj", "{D90F337A-38BA-7547-5A6D-AD22B59AD011}"
EndProject
Project("{FAE04EC0-301F-11D3-BF4B-00C04F79EFBC}") = "Unity.2D.PixelPerfect", "Unity.2D.PixelPerfect.Player.csproj", "{C2A65E52-E965-E1C2-12B8-9D17A483D147}"
EndProject
Project("{FAE04EC0-301F-11D3-BF4B-00C04F79EFBC}") = "Unity.2D.IK.Runtime", "Unity.2D.IK.Runtime.Player.csproj", "{28BAE75A-1E31-6D20-03A8-9FFF4D0FA37B}"
EndProject
Project("{FAE04EC0-301F-11D3-BF4B-00C04F79EFBC}") = "Unity.2D.Common.Runtime", "Unity.2D.Common.Runtime.Player.csproj", "{5CC08E57-7119-2D41-EDDD-A51E022BD8A6}"
EndProject
Project("{FAE04EC0-301F-11D3-BF4B-00C04F79EFBC}") = "Unity.InternalAPIEngineBridge.001", "Unity.InternalAPIEngineBridge.001.Player.csproj", "{771A8340-6ABF-E8EA-0EB4-ECEEC9A19468}"
EndProject
Project("{FAE04EC0-301F-11D3-BF4B-00C04F79EFBC}") = "Assembly-CSharp", "Assembly-CSharp.Player.csproj", "{18753895-0725-BCE2-2BDB-73D1311FF2B5}"
EndProject
Project("{FAE04EC0-301F-11D3-BF4B-00C04F79EFBC}") = "spine-unity", "spine-unity.Player.csproj", "{FB3ED2FC-7E4E-8F67-8D3B-A629FF0689AA}"
EndProject
Global
	GlobalSection(SolutionConfigurationPlatforms) = preSolution
		Debug|Any CPU = Debug|Any CPU
		Release|Any CPU = Release|Any CPU
	EndGlobalSection
	GlobalSection(ProjectConfigurationPlatforms) = postSolution
		{B02FB6BF-B6C1-E369-568D-92FD93B49810}.Debug|Any CPU.ActiveCfg = Debug|Any CPU
		{B02FB6BF-B6C1-E369-568D-92FD93B49810}.Debug|Any CPU.Build.0 = Debug|Any CPU
		{B02FB6BF-B6C1-E369-568D-92FD93B49810}.Release|Any CPU.ActiveCfg = Release|Any CPU
		{B02FB6BF-B6C1-E369-568D-92FD93B49810}.Release|Any CPU.Build.0 = Release|Any CPU
		{43252A23-CED9-9F16-1815-BE042E92100E}.Debug|Any CPU.ActiveCfg = Debug|Any CPU
		{43252A23-CED9-9F16-1815-BE042E92100E}.Debug|Any CPU.Build.0 = Debug|Any CPU
		{43252A23-CED9-9F16-1815-BE042E92100E}.Release|Any CPU.ActiveCfg = Release|Any CPU
		{43252A23-CED9-9F16-1815-BE042E92100E}.Release|Any CPU.Build.0 = Release|Any CPU
		{F2ACCCF9-90ED-70E7-307D-CA2CB5C29E7C}.Debug|Any CPU.ActiveCfg = Debug|Any CPU
		{F2ACCCF9-90ED-70E7-307D-CA2CB5C29E7C}.Debug|Any CPU.Build.0 = Debug|Any CPU
		{F2ACCCF9-90ED-70E7-307D-CA2CB5C29E7C}.Release|Any CPU.ActiveCfg = Release|Any CPU
		{F2ACCCF9-90ED-70E7-307D-CA2CB5C29E7C}.Release|Any CPU.Build.0 = Release|Any CPU
		{74AE798C-CF68-B355-07F8-E4E23777055D}.Debug|Any CPU.ActiveCfg = Debug|Any CPU
		{74AE798C-CF68-B355-07F8-E4E23777055D}.Debug|Any CPU.Build.0 = Debug|Any CPU
		{74AE798C-CF68-B355-07F8-E4E23777055D}.Release|Any CPU.ActiveCfg = Release|Any CPU
		{74AE798C-CF68-B355-07F8-E4E23777055D}.Release|Any CPU.Build.0 = Release|Any CPU
		{57B404CC-07C5-057E-1101-D9CBD47BB52F}.Debug|Any CPU.ActiveCfg = Debug|Any CPU
		{57B404CC-07C5-057E-1101-D9CBD47BB52F}.Debug|Any CPU.Build.0 = Debug|Any CPU
		{57B404CC-07C5-057E-1101-D9CBD47BB52F}.Release|Any CPU.ActiveCfg = Release|Any CPU
		{57B404CC-07C5-057E-1101-D9CBD47BB52F}.Release|Any CPU.Build.0 = Release|Any CPU
		{6C1B82F6-DC5A-5888-BD06-754C457BAC73}.Debug|Any CPU.ActiveCfg = Debug|Any CPU
		{6C1B82F6-DC5A-5888-BD06-754C457BAC73}.Debug|Any CPU.Build.0 = Debug|Any CPU
		{6C1B82F6-DC5A-5888-BD06-754C457BAC73}.Release|Any CPU.ActiveCfg = Release|Any CPU
		{6C1B82F6-DC5A-5888-BD06-754C457BAC73}.Release|Any CPU.Build.0 = Release|Any CPU
		{E9D5ECBB-86FE-8AF6-B7BE-3AAA18F2FE4E}.Debug|Any CPU.ActiveCfg = Debug|Any CPU
		{E9D5ECBB-86FE-8AF6-B7BE-3AAA18F2FE4E}.Debug|Any CPU.Build.0 = Debug|Any CPU
		{E9D5ECBB-86FE-8AF6-B7BE-3AAA18F2FE4E}.Release|Any CPU.ActiveCfg = Release|Any CPU
		{E9D5ECBB-86FE-8AF6-B7BE-3AAA18F2FE4E}.Release|Any CPU.Build.0 = Release|Any CPU
		{EB8C28CD-B47E-2E36-F31B-48914110CD8F}.Debug|Any CPU.ActiveCfg = Debug|Any CPU
		{EB8C28CD-B47E-2E36-F31B-48914110CD8F}.Debug|Any CPU.Build.0 = Debug|Any CPU
		{EB8C28CD-B47E-2E36-F31B-48914110CD8F}.Release|Any CPU.ActiveCfg = Release|Any CPU
		{EB8C28CD-B47E-2E36-F31B-48914110CD8F}.Release|Any CPU.Build.0 = Release|Any CPU
		{39D0DE6B-8DED-13B4-2550-ACF983BFCD5A}.Debug|Any CPU.ActiveCfg = Debug|Any CPU
		{39D0DE6B-8DED-13B4-2550-ACF983BFCD5A}.Debug|Any CPU.Build.0 = Debug|Any CPU
		{39D0DE6B-8DED-13B4-2550-ACF983BFCD5A}.Release|Any CPU.ActiveCfg = Release|Any CPU
		{39D0DE6B-8DED-13B4-2550-ACF983BFCD5A}.Release|Any CPU.Build.0 = Release|Any CPU
		{0C4BF4BE-E5B0-200A-9092-B0FD1EFC4A1F}.Debug|Any CPU.ActiveCfg = Debug|Any CPU
		{0C4BF4BE-E5B0-200A-9092-B0FD1EFC4A1F}.Debug|Any CPU.Build.0 = Debug|Any CPU
		{0C4BF4BE-E5B0-200A-9092-B0FD1EFC4A1F}.Release|Any CPU.ActiveCfg = Release|Any CPU
		{0C4BF4BE-E5B0-200A-9092-B0FD1EFC4A1F}.Release|Any CPU.Build.0 = Release|Any CPU
		{FEDB7D8D-54E1-9143-DC3F-A69531E8C883}.Debug|Any CPU.ActiveCfg = Debug|Any CPU
		{FEDB7D8D-54E1-9143-DC3F-A69531E8C883}.Debug|Any CPU.Build.0 = Debug|Any CPU
		{FEDB7D8D-54E1-9143-DC3F-A69531E8C883}.Release|Any CPU.ActiveCfg = Release|Any CPU
		{FEDB7D8D-54E1-9143-DC3F-A69531E8C883}.Release|Any CPU.Build.0 = Release|Any CPU
		{D023B11B-8C24-97CA-9D67-0D3A458DA271}.Debug|Any CPU.ActiveCfg = Debug|Any CPU
		{D023B11B-8C24-97CA-9D67-0D3A458DA271}.Debug|Any CPU.Build.0 = Debug|Any CPU
		{D023B11B-8C24-97CA-9D67-0D3A458DA271}.Release|Any CPU.ActiveCfg = Release|Any CPU
		{D023B11B-8C24-97CA-9D67-0D3A458DA271}.Release|Any CPU.Build.0 = Release|Any CPU
		{FE5C0DB1-52D7-0A62-D763-D3170FDC8706}.Debug|Any CPU.ActiveCfg = Debug|Any CPU
		{FE5C0DB1-52D7-0A62-D763-D3170FDC8706}.Debug|Any CPU.Build.0 = Debug|Any CPU
		{FE5C0DB1-52D7-0A62-D763-D3170FDC8706}.Release|Any CPU.ActiveCfg = Release|Any CPU
		{FE5C0DB1-52D7-0A62-D763-D3170FDC8706}.Release|Any CPU.Build.0 = Release|Any CPU
		{B51CFE7E-5331-813F-5D07-76D82079F362}.Debug|Any CPU.ActiveCfg = Debug|Any CPU
		{B51CFE7E-5331-813F-5D07-76D82079F362}.Debug|Any CPU.Build.0 = Debug|Any CPU
		{B51CFE7E-5331-813F-5D07-76D82079F362}.Release|Any CPU.ActiveCfg = Release|Any CPU
		{B51CFE7E-5331-813F-5D07-76D82079F362}.Release|Any CPU.Build.0 = Release|Any CPU
		{3BDBB03E-0DFE-B40B-E01E-EE5D9198470C}.Debug|Any CPU.ActiveCfg = Debug|Any CPU
		{3BDBB03E-0DFE-B40B-E01E-EE5D9198470C}.Debug|Any CPU.Build.0 = Debug|Any CPU
		{3BDBB03E-0DFE-B40B-E01E-EE5D9198470C}.Release|Any CPU.ActiveCfg = Release|Any CPU
		{3BDBB03E-0DFE-B40B-E01E-EE5D9198470C}.Release|Any CPU.Build.0 = Release|Any CPU
		{AFDA34D9-A7C7-A90D-90D0-9065B248280E}.Debug|Any CPU.ActiveCfg = Debug|Any CPU
		{AFDA34D9-A7C7-A90D-90D0-9065B248280E}.Debug|Any CPU.Build.0 = Debug|Any CPU
		{AFDA34D9-A7C7-A90D-90D0-9065B248280E}.Release|Any CPU.ActiveCfg = Release|Any CPU
		{AFDA34D9-A7C7-A90D-90D0-9065B248280E}.Release|Any CPU.Build.0 = Release|Any CPU
		{EC6FF9DB-C06E-2914-0E30-5011279D9AD7}.Debug|Any CPU.ActiveCfg = Debug|Any CPU
		{EC6FF9DB-C06E-2914-0E30-5011279D9AD7}.Debug|Any CPU.Build.0 = Debug|Any CPU
		{EC6FF9DB-C06E-2914-0E30-5011279D9AD7}.Release|Any CPU.ActiveCfg = Release|Any CPU
		{EC6FF9DB-C06E-2914-0E30-5011279D9AD7}.Release|Any CPU.Build.0 = Release|Any CPU
		{859335BC-8BF2-9B1B-7556-8FDDCB6CEBB9}.Debug|Any CPU.ActiveCfg = Debug|Any CPU
		{859335BC-8BF2-9B1B-7556-8FDDCB6CEBB9}.Debug|Any CPU.Build.0 = Debug|Any CPU
		{859335BC-8BF2-9B1B-7556-8FDDCB6CEBB9}.Release|Any CPU.ActiveCfg = Release|Any CPU
		{859335BC-8BF2-9B1B-7556-8FDDCB6CEBB9}.Release|Any CPU.Build.0 = Release|Any CPU
		{AF2F3218-B162-CF66-204B-4BE04829D9F5}.Debug|Any CPU.ActiveCfg = Debug|Any CPU
		{AF2F3218-B162-CF66-204B-4BE04829D9F5}.Debug|Any CPU.Build.0 = Debug|Any CPU
		{AF2F3218-B162-CF66-204B-4BE04829D9F5}.Release|Any CPU.ActiveCfg = Release|Any CPU
		{AF2F3218-B162-CF66-204B-4BE04829D9F5}.Release|Any CPU.Build.0 = Release|Any CPU
		{4C90D8C1-2BD7-9502-96B0-710F11D1B310}.Debug|Any CPU.ActiveCfg = Debug|Any CPU
		{4C90D8C1-2BD7-9502-96B0-710F11D1B310}.Debug|Any CPU.Build.0 = Debug|Any CPU
		{4C90D8C1-2BD7-9502-96B0-710F11D1B310}.Release|Any CPU.ActiveCfg = Release|Any CPU
		{4C90D8C1-2BD7-9502-96B0-710F11D1B310}.Release|Any CPU.Build.0 = Release|Any CPU
		{C9322AB6-3E89-FD4E-4A12-C1875897B8F8}.Debug|Any CPU.ActiveCfg = Debug|Any CPU
		{C9322AB6-3E89-FD4E-4A12-C1875897B8F8}.Debug|Any CPU.Build.0 = Debug|Any CPU
		{C9322AB6-3E89-FD4E-4A12-C1875897B8F8}.Release|Any CPU.ActiveCfg = Release|Any CPU
		{C9322AB6-3E89-FD4E-4A12-C1875897B8F8}.Release|Any CPU.Build.0 = Release|Any CPU
		{76669604-0F25-9D79-5DE8-1318FEE2D1F2}.Debug|Any CPU.ActiveCfg = Debug|Any CPU
		{76669604-0F25-9D79-5DE8-1318FEE2D1F2}.Debug|Any CPU.Build.0 = Debug|Any CPU
		{76669604-0F25-9D79-5DE8-1318FEE2D1F2}.Release|Any CPU.ActiveCfg = Release|Any CPU
		{76669604-0F25-9D79-5DE8-1318FEE2D1F2}.Release|Any CPU.Build.0 = Release|Any CPU
		{02F2CA5C-543F-F4C5-EFAD-9A255ADCD0C2}.Debug|Any CPU.ActiveCfg = Debug|Any CPU
		{02F2CA5C-543F-F4C5-EFAD-9A255ADCD0C2}.Debug|Any CPU.Build.0 = Debug|Any CPU
		{02F2CA5C-543F-F4C5-EFAD-9A255ADCD0C2}.Release|Any CPU.ActiveCfg = Release|Any CPU
		{02F2CA5C-543F-F4C5-EFAD-9A255ADCD0C2}.Release|Any CPU.Build.0 = Release|Any CPU
		{83795C01-2F6A-8F9B-8E3C-2BDBF2E0D668}.Debug|Any CPU.ActiveCfg = Debug|Any CPU
		{83795C01-2F6A-8F9B-8E3C-2BDBF2E0D668}.Debug|Any CPU.Build.0 = Debug|Any CPU
		{83795C01-2F6A-8F9B-8E3C-2BDBF2E0D668}.Release|Any CPU.ActiveCfg = Release|Any CPU
		{83795C01-2F6A-8F9B-8E3C-2BDBF2E0D668}.Release|Any CPU.Build.0 = Release|Any CPU
		{269C1255-286E-3D89-98CC-C59B455FE0E6}.Debug|Any CPU.ActiveCfg = Debug|Any CPU
		{269C1255-286E-3D89-98CC-C59B455FE0E6}.Debug|Any CPU.Build.0 = Debug|Any CPU
		{269C1255-286E-3D89-98CC-C59B455FE0E6}.Release|Any CPU.ActiveCfg = Release|Any CPU
		{269C1255-286E-3D89-98CC-C59B455FE0E6}.Release|Any CPU.Build.0 = Release|Any CPU
		{3E03E3AF-8CBC-A80A-6904-9AC04FEE4564}.Debug|Any CPU.ActiveCfg = Debug|Any CPU
		{3E03E3AF-8CBC-A80A-6904-9AC04FEE4564}.Debug|Any CPU.Build.0 = Debug|Any CPU
		{3E03E3AF-8CBC-A80A-6904-9AC04FEE4564}.Release|Any CPU.ActiveCfg = Release|Any CPU
		{3E03E3AF-8CBC-A80A-6904-9AC04FEE4564}.Release|Any CPU.Build.0 = Release|Any CPU
		{10B87650-AD20-9876-46B9-68F8F10D6F3F}.Debug|Any CPU.ActiveCfg = Debug|Any CPU
		{10B87650-AD20-9876-46B9-68F8F10D6F3F}.Debug|Any CPU.Build.0 = Debug|Any CPU
		{10B87650-AD20-9876-46B9-68F8F10D6F3F}.Release|Any CPU.ActiveCfg = Release|Any CPU
		{10B87650-AD20-9876-46B9-68F8F10D6F3F}.Release|Any CPU.Build.0 = Release|Any CPU
		{650F8118-574E-AF33-0D67-2E37C3070586}.Debug|Any CPU.ActiveCfg = Debug|Any CPU
		{650F8118-574E-AF33-0D67-2E37C3070586}.Debug|Any CPU.Build.0 = Debug|Any CPU
		{650F8118-574E-AF33-0D67-2E37C3070586}.Release|Any CPU.ActiveCfg = Release|Any CPU
		{650F8118-574E-AF33-0D67-2E37C3070586}.Release|Any CPU.Build.0 = Release|Any CPU
		{C7BDB580-D92C-307F-A29E-AD4C16F8B835}.Debug|Any CPU.ActiveCfg = Debug|Any CPU
		{C7BDB580-D92C-307F-A29E-AD4C16F8B835}.Debug|Any CPU.Build.0 = Debug|Any CPU
		{C7BDB580-D92C-307F-A29E-AD4C16F8B835}.Release|Any CPU.ActiveCfg = Release|Any CPU
		{C7BDB580-D92C-307F-A29E-AD4C16F8B835}.Release|Any CPU.Build.0 = Release|Any CPU
		{690D73F5-E319-E5D1-B31E-E5E51293E37C}.Debug|Any CPU.ActiveCfg = Debug|Any CPU
		{690D73F5-E319-E5D1-B31E-E5E51293E37C}.Debug|Any CPU.Build.0 = Debug|Any CPU
		{690D73F5-E319-E5D1-B31E-E5E51293E37C}.Release|Any CPU.ActiveCfg = Release|Any CPU
		{690D73F5-E319-E5D1-B31E-E5E51293E37C}.Release|Any CPU.Build.0 = Release|Any CPU
		{BC194F37-4F04-7DFC-521C-71611638375D}.Debug|Any CPU.ActiveCfg = Debug|Any CPU
		{BC194F37-4F04-7DFC-521C-71611638375D}.Debug|Any CPU.Build.0 = Debug|Any CPU
		{BC194F37-4F04-7DFC-521C-71611638375D}.Release|Any CPU.ActiveCfg = Release|Any CPU
		{BC194F37-4F04-7DFC-521C-71611638375D}.Release|Any CPU.Build.0 = Release|Any CPU
		{79249A2B-704E-4436-55B4-2F89CF6A6C2B}.Debug|Any CPU.ActiveCfg = Debug|Any CPU
		{79249A2B-704E-4436-55B4-2F89CF6A6C2B}.Debug|Any CPU.Build.0 = Debug|Any CPU
		{79249A2B-704E-4436-55B4-2F89CF6A6C2B}.Release|Any CPU.ActiveCfg = Release|Any CPU
		{79249A2B-704E-4436-55B4-2F89CF6A6C2B}.Release|Any CPU.Build.0 = Release|Any CPU
		{34E7C31A-EA69-EC45-BF91-AD4E64CA0636}.Debug|Any CPU.ActiveCfg = Debug|Any CPU
		{34E7C31A-EA69-EC45-BF91-AD4E64CA0636}.Debug|Any CPU.Build.0 = Debug|Any CPU
		{34E7C31A-EA69-EC45-BF91-AD4E64CA0636}.Release|Any CPU.ActiveCfg = Release|Any CPU
		{34E7C31A-EA69-EC45-BF91-AD4E64CA0636}.Release|Any CPU.Build.0 = Release|Any CPU
		{8D6FAFA3-884F-1E4A-6935-8956B41AAB54}.Debug|Any CPU.ActiveCfg = Debug|Any CPU
		{8D6FAFA3-884F-1E4A-6935-8956B41AAB54}.Debug|Any CPU.Build.0 = Debug|Any CPU
		{8D6FAFA3-884F-1E4A-6935-8956B41AAB54}.Release|Any CPU.ActiveCfg = Release|Any CPU
		{8D6FAFA3-884F-1E4A-6935-8956B41AAB54}.Release|Any CPU.Build.0 = Release|Any CPU
		{D33EA1B9-BED6-7260-A06D-F74FBDFE8BF4}.Debug|Any CPU.ActiveCfg = Debug|Any CPU
		{D33EA1B9-BED6-7260-A06D-F74FBDFE8BF4}.Debug|Any CPU.Build.0 = Debug|Any CPU
		{D33EA1B9-BED6-7260-A06D-F74FBDFE8BF4}.Release|Any CPU.ActiveCfg = Release|Any CPU
		{D33EA1B9-BED6-7260-A06D-F74FBDFE8BF4}.Release|Any CPU.Build.0 = Release|Any CPU
		{A7C0B543-7CC2-26F5-48BC-AAF53D1DB9E5}.Debug|Any CPU.ActiveCfg = Debug|Any CPU
		{A7C0B543-7CC2-26F5-48BC-AAF53D1DB9E5}.Debug|Any CPU.Build.0 = Debug|Any CPU
		{A7C0B543-7CC2-26F5-48BC-AAF53D1DB9E5}.Release|Any CPU.ActiveCfg = Release|Any CPU
		{A7C0B543-7CC2-26F5-48BC-AAF53D1DB9E5}.Release|Any CPU.Build.0 = Release|Any CPU
		{E53D76DF-242B-2E22-3F77-0E41834C004F}.Debug|Any CPU.ActiveCfg = Debug|Any CPU
		{E53D76DF-242B-2E22-3F77-0E41834C004F}.Debug|Any CPU.Build.0 = Debug|Any CPU
		{E53D76DF-242B-2E22-3F77-0E41834C004F}.Release|Any CPU.ActiveCfg = Release|Any CPU
		{E53D76DF-242B-2E22-3F77-0E41834C004F}.Release|Any CPU.Build.0 = Release|Any CPU
		{2CC64E3F-F871-616E-CEAA-CE10F0A88348}.Debug|Any CPU.ActiveCfg = Debug|Any CPU
		{2CC64E3F-F871-616E-CEAA-CE10F0A88348}.Debug|Any CPU.Build.0 = Debug|Any CPU
		{2CC64E3F-F871-616E-CEAA-CE10F0A88348}.Release|Any CPU.ActiveCfg = Release|Any CPU
		{2CC64E3F-F871-616E-CEAA-CE10F0A88348}.Release|Any CPU.Build.0 = Release|Any CPU
		{B16F9B93-F104-7F54-7A3A-864FE1060AAF}.Debug|Any CPU.ActiveCfg = Debug|Any CPU
		{B16F9B93-F104-7F54-7A3A-864FE1060AAF}.Debug|Any CPU.Build.0 = Debug|Any CPU
		{B16F9B93-F104-7F54-7A3A-864FE1060AAF}.Release|Any CPU.ActiveCfg = Release|Any CPU
		{B16F9B93-F104-7F54-7A3A-864FE1060AAF}.Release|Any CPU.Build.0 = Release|Any CPU
		{5E589B19-5F18-107F-FD1A-0C039065C564}.Debug|Any CPU.ActiveCfg = Debug|Any CPU
		{5E589B19-5F18-107F-FD1A-0C039065C564}.Debug|Any CPU.Build.0 = Debug|Any CPU
		{5E589B19-5F18-107F-FD1A-0C039065C564}.Release|Any CPU.ActiveCfg = Release|Any CPU
		{5E589B19-5F18-107F-FD1A-0C039065C564}.Release|Any CPU.Build.0 = Release|Any CPU
		{75C85798-97D1-8CE5-B6C9-60EF2BC313E8}.Debug|Any CPU.ActiveCfg = Debug|Any CPU
		{75C85798-97D1-8CE5-B6C9-60EF2BC313E8}.Debug|Any CPU.Build.0 = Debug|Any CPU
		{75C85798-97D1-8CE5-B6C9-60EF2BC313E8}.Release|Any CPU.ActiveCfg = Release|Any CPU
		{75C85798-97D1-8CE5-B6C9-60EF2BC313E8}.Release|Any CPU.Build.0 = Release|Any CPU
		{95A89562-2118-7D45-65FF-7E2298F0D507}.Debug|Any CPU.ActiveCfg = Debug|Any CPU
		{95A89562-2118-7D45-65FF-7E2298F0D507}.Debug|Any CPU.Build.0 = Debug|Any CPU
		{95A89562-2118-7D45-65FF-7E2298F0D507}.Release|Any CPU.ActiveCfg = Release|Any CPU
		{95A89562-2118-7D45-65FF-7E2298F0D507}.Release|Any CPU.Build.0 = Release|Any CPU
		{DB3F6D19-04EA-A0ED-9112-3022486C1A53}.Debug|Any CPU.ActiveCfg = Debug|Any CPU
		{DB3F6D19-04EA-A0ED-9112-3022486C1A53}.Debug|Any CPU.Build.0 = Debug|Any CPU
		{DB3F6D19-04EA-A0ED-9112-3022486C1A53}.Release|Any CPU.ActiveCfg = Release|Any CPU
		{DB3F6D19-04EA-A0ED-9112-3022486C1A53}.Release|Any CPU.Build.0 = Release|Any CPU
		{E3014DB4-38D6-0910-34BC-CFE4E5B0FEC4}.Debug|Any CPU.ActiveCfg = Debug|Any CPU
		{E3014DB4-38D6-0910-34BC-CFE4E5B0FEC4}.Debug|Any CPU.Build.0 = Debug|Any CPU
		{E3014DB4-38D6-0910-34BC-CFE4E5B0FEC4}.Release|Any CPU.ActiveCfg = Release|Any CPU
		{E3014DB4-38D6-0910-34BC-CFE4E5B0FEC4}.Release|Any CPU.Build.0 = Release|Any CPU
		{55017C04-BA5B-2A99-4D56-CC19BF3C9496}.Debug|Any CPU.ActiveCfg = Debug|Any CPU
		{55017C04-BA5B-2A99-4D56-CC19BF3C9496}.Debug|Any CPU.Build.0 = Debug|Any CPU
		{55017C04-BA5B-2A99-4D56-CC19BF3C9496}.Release|Any CPU.ActiveCfg = Release|Any CPU
		{55017C04-BA5B-2A99-4D56-CC19BF3C9496}.Release|Any CPU.Build.0 = Release|Any CPU
		{9DBEA38A-2803-5388-226A-B9455D55C7B2}.Debug|Any CPU.ActiveCfg = Debug|Any CPU
		{9DBEA38A-2803-5388-226A-B9455D55C7B2}.Debug|Any CPU.Build.0 = Debug|Any CPU
		{9DBEA38A-2803-5388-226A-B9455D55C7B2}.Release|Any CPU.ActiveCfg = Release|Any CPU
		{9DBEA38A-2803-5388-226A-B9455D55C7B2}.Release|Any CPU.Build.0 = Release|Any CPU
		{C9004295-9939-12C3-A057-7B89745DA7C5}.Debug|Any CPU.ActiveCfg = Debug|Any CPU
		{C9004295-9939-12C3-A057-7B89745DA7C5}.Debug|Any CPU.Build.0 = Debug|Any CPU
		{C9004295-9939-12C3-A057-7B89745DA7C5}.Release|Any CPU.ActiveCfg = Release|Any CPU
		{C9004295-9939-12C3-A057-7B89745DA7C5}.Release|Any CPU.Build.0 = Release|Any CPU
		{2D0BC54C-6F7B-4829-3A24-59E75AE531B7}.Debug|Any CPU.ActiveCfg = Debug|Any CPU
		{2D0BC54C-6F7B-4829-3A24-59E75AE531B7}.Debug|Any CPU.Build.0 = Debug|Any CPU
		{2D0BC54C-6F7B-4829-3A24-59E75AE531B7}.Release|Any CPU.ActiveCfg = Release|Any CPU
		{2D0BC54C-6F7B-4829-3A24-59E75AE531B7}.Release|Any CPU.Build.0 = Release|Any CPU
		{4EEB9796-AEEA-5C70-98FB-5C854E999EB9}.Debug|Any CPU.ActiveCfg = Debug|Any CPU
		{4EEB9796-AEEA-5C70-98FB-5C854E999EB9}.Debug|Any CPU.Build.0 = Debug|Any CPU
		{4EEB9796-AEEA-5C70-98FB-5C854E999EB9}.Release|Any CPU.ActiveCfg = Release|Any CPU
		{4EEB9796-AEEA-5C70-98FB-5C854E999EB9}.Release|Any CPU.Build.0 = Release|Any CPU
		{027C2996-F07B-4156-081C-1004E4F7D62F}.Debug|Any CPU.ActiveCfg = Debug|Any CPU
		{027C2996-F07B-4156-081C-1004E4F7D62F}.Debug|Any CPU.Build.0 = Debug|Any CPU
		{027C2996-F07B-4156-081C-1004E4F7D62F}.Release|Any CPU.ActiveCfg = Release|Any CPU
		{027C2996-F07B-4156-081C-1004E4F7D62F}.Release|Any CPU.Build.0 = Release|Any CPU
		{4A9FD709-9605-07B3-B90D-414166B9C434}.Debug|Any CPU.ActiveCfg = Debug|Any CPU
		{4A9FD709-9605-07B3-B90D-414166B9C434}.Debug|Any CPU.Build.0 = Debug|Any CPU
		{4A9FD709-9605-07B3-B90D-414166B9C434}.Release|Any CPU.ActiveCfg = Release|Any CPU
		{4A9FD709-9605-07B3-B90D-414166B9C434}.Release|Any CPU.Build.0 = Release|Any CPU
		{95564B9A-2A24-1651-A3D6-0B93BEABB616}.Debug|Any CPU.ActiveCfg = Debug|Any CPU
		{95564B9A-2A24-1651-A3D6-0B93BEABB616}.Debug|Any CPU.Build.0 = Debug|Any CPU
		{95564B9A-2A24-1651-A3D6-0B93BEABB616}.Release|Any CPU.ActiveCfg = Release|Any CPU
		{95564B9A-2A24-1651-A3D6-0B93BEABB616}.Release|Any CPU.Build.0 = Release|Any CPU
		{FF75E52A-1C0A-D222-2680-1A9D5B7CB0A0}.Debug|Any CPU.ActiveCfg = Debug|Any CPU
		{FF75E52A-1C0A-D222-2680-1A9D5B7CB0A0}.Debug|Any CPU.Build.0 = Debug|Any CPU
		{FF75E52A-1C0A-D222-2680-1A9D5B7CB0A0}.Release|Any CPU.ActiveCfg = Release|Any CPU
		{FF75E52A-1C0A-D222-2680-1A9D5B7CB0A0}.Release|Any CPU.Build.0 = Release|Any CPU
		{DAFCE210-D23F-4B6B-69E2-7E22A245238A}.Debug|Any CPU.ActiveCfg = Debug|Any CPU
		{DAFCE210-D23F-4B6B-69E2-7E22A245238A}.Debug|Any CPU.Build.0 = Debug|Any CPU
		{DAFCE210-D23F-4B6B-69E2-7E22A245238A}.Release|Any CPU.ActiveCfg = Release|Any CPU
		{DAFCE210-D23F-4B6B-69E2-7E22A245238A}.Release|Any CPU.Build.0 = Release|Any CPU
		{DA638AE1-6F00-7386-1ED3-8C37A9A2D817}.Debug|Any CPU.ActiveCfg = Debug|Any CPU
		{DA638AE1-6F00-7386-1ED3-8C37A9A2D817}.Debug|Any CPU.Build.0 = Debug|Any CPU
		{DA638AE1-6F00-7386-1ED3-8C37A9A2D817}.Release|Any CPU.ActiveCfg = Release|Any CPU
		{DA638AE1-6F00-7386-1ED3-8C37A9A2D817}.Release|Any CPU.Build.0 = Release|Any CPU
		{7145B405-E585-2E1D-6B92-2C8EE8705014}.Debug|Any CPU.ActiveCfg = Debug|Any CPU
		{7145B405-E585-2E1D-6B92-2C8EE8705014}.Debug|Any CPU.Build.0 = Debug|Any CPU
		{7145B405-E585-2E1D-6B92-2C8EE8705014}.Release|Any CPU.ActiveCfg = Release|Any CPU
		{7145B405-E585-2E1D-6B92-2C8EE8705014}.Release|Any CPU.Build.0 = Release|Any CPU
		{C3AE93A6-0EC8-0BEE-3F73-72115BFFEEC3}.Debug|Any CPU.ActiveCfg = Debug|Any CPU
		{C3AE93A6-0EC8-0BEE-3F73-72115BFFEEC3}.Debug|Any CPU.Build.0 = Debug|Any CPU
		{C3AE93A6-0EC8-0BEE-3F73-72115BFFEEC3}.Release|Any CPU.ActiveCfg = Release|Any CPU
		{C3AE93A6-0EC8-0BEE-3F73-72115BFFEEC3}.Release|Any CPU.Build.0 = Release|Any CPU
		{D90F337A-38BA-7547-5A6D-AD22B59AD011}.Debug|Any CPU.ActiveCfg = Debug|Any CPU
		{D90F337A-38BA-7547-5A6D-AD22B59AD011}.Debug|Any CPU.Build.0 = Debug|Any CPU
		{D90F337A-38BA-7547-5A6D-AD22B59AD011}.Release|Any CPU.ActiveCfg = Release|Any CPU
		{D90F337A-38BA-7547-5A6D-AD22B59AD011}.Release|Any CPU.Build.0 = Release|Any CPU
		{C2A65E52-E965-E1C2-12B8-9D17A483D147}.Debug|Any CPU.ActiveCfg = Debug|Any CPU
		{C2A65E52-E965-E1C2-12B8-9D17A483D147}.Debug|Any CPU.Build.0 = Debug|Any CPU
		{C2A65E52-E965-E1C2-12B8-9D17A483D147}.Release|Any CPU.ActiveCfg = Release|Any CPU
		{C2A65E52-E965-E1C2-12B8-9D17A483D147}.Release|Any CPU.Build.0 = Release|Any CPU
		{28BAE75A-1E31-6D20-03A8-9FFF4D0FA37B}.Debug|Any CPU.ActiveCfg = Debug|Any CPU
		{28BAE75A-1E31-6D20-03A8-9FFF4D0FA37B}.Debug|Any CPU.Build.0 = Debug|Any CPU
		{28BAE75A-1E31-6D20-03A8-9FFF4D0FA37B}.Release|Any CPU.ActiveCfg = Release|Any CPU
		{28BAE75A-1E31-6D20-03A8-9FFF4D0FA37B}.Release|Any CPU.Build.0 = Release|Any CPU
		{5CC08E57-7119-2D41-EDDD-A51E022BD8A6}.Debug|Any CPU.ActiveCfg = Debug|Any CPU
		{5CC08E57-7119-2D41-EDDD-A51E022BD8A6}.Debug|Any CPU.Build.0 = Debug|Any CPU
		{5CC08E57-7119-2D41-EDDD-A51E022BD8A6}.Release|Any CPU.ActiveCfg = Release|Any CPU
		{5CC08E57-7119-2D41-EDDD-A51E022BD8A6}.Release|Any CPU.Build.0 = Release|Any CPU
		{771A8340-6ABF-E8EA-0EB4-ECEEC9A19468}.Debug|Any CPU.ActiveCfg = Debug|Any CPU
		{771A8340-6ABF-E8EA-0EB4-ECEEC9A19468}.Debug|Any CPU.Build.0 = Debug|Any CPU
		{771A8340-6ABF-E8EA-0EB4-ECEEC9A19468}.Release|Any CPU.ActiveCfg = Release|Any CPU
		{771A8340-6ABF-E8EA-0EB4-ECEEC9A19468}.Release|Any CPU.Build.0 = Release|Any CPU
		{18753895-0725-BCE2-2BDB-73D1311FF2B5}.Debug|Any CPU.ActiveCfg = Debug|Any CPU
		{18753895-0725-BCE2-2BDB-73D1311FF2B5}.Debug|Any CPU.Build.0 = Debug|Any CPU
		{18753895-0725-BCE2-2BDB-73D1311FF2B5}.Release|Any CPU.ActiveCfg = Release|Any CPU
		{18753895-0725-BCE2-2BDB-73D1311FF2B5}.Release|Any CPU.Build.0 = Release|Any CPU
		{FB3ED2FC-7E4E-8F67-8D3B-A629FF0689AA}.Debug|Any CPU.ActiveCfg = Debug|Any CPU
		{FB3ED2FC-7E4E-8F67-8D3B-A629FF0689AA}.Debug|Any CPU.Build.0 = Debug|Any CPU
		{FB3ED2FC-7E4E-8F67-8D3B-A629FF0689AA}.Release|Any CPU.ActiveCfg = Release|Any CPU
		{FB3ED2FC-7E4E-8F67-8D3B-A629FF0689AA}.Release|Any CPU.Build.0 = Release|Any CPU
	EndGlobalSection
	GlobalSection(SolutionProperties) = preSolution
		HideSolutionNode = FALSE
	EndGlobalSection
EndGlobal
